// !$*UTF8*$!
{
	archiveVersion = 1;
	classes = {
	};
	objectVersion = 50;
	objects = {

/* Begin PBXBuildFile section */
		2821541324F2978D00BC00B4 /* Model.swift in Sources */ = {isa = PBXBuildFile; fileRef = 2821541224F2978D00BC00B4 /* Model.swift */; };
		2843A39E24B356A800610229 /* AppDelegate.swift in Sources */ = {isa = PBXBuildFile; fileRef = 2843A39D24B356A800610229 /* AppDelegate.swift */; };
		2843A3A024B356A800610229 /* SceneDelegate.swift in Sources */ = {isa = PBXBuildFile; fileRef = 2843A39F24B356A800610229 /* SceneDelegate.swift */; };
		2843A3A224B356A800610229 /* ContentView.swift in Sources */ = {isa = PBXBuildFile; fileRef = 2843A3A124B356A800610229 /* ContentView.swift */; };
		2843A3A424B356AD00610229 /* Assets.xcassets in Resources */ = {isa = PBXBuildFile; fileRef = 2843A3A324B356AD00610229 /* Assets.xcassets */; };
		2843A3A724B356AD00610229 /* Preview Assets.xcassets in Resources */ = {isa = PBXBuildFile; fileRef = 2843A3A624B356AD00610229 /* Preview Assets.xcassets */; };
		2843A3AA24B356AD00610229 /* LaunchScreen.storyboard in Resources */ = {isa = PBXBuildFile; fileRef = 2843A3A824B356AD00610229 /* LaunchScreen.storyboard */; };
		2843A3B224B356CC00610229 /* AuthUser.swift in Sources */ = {isa = PBXBuildFile; fileRef = 2843A3B124B356CC00610229 /* AuthUser.swift */; };
/* End PBXBuildFile section */

/* Begin PBXFileReference section */
		2821541224F2978D00BC00B4 /* Model.swift */ = {isa = PBXFileReference; lastKnownFileType = sourcecode.swift; path = Model.swift; sourceTree = "<group>"; };
		2843A39A24B356A700610229 /* EnvirontmentView.app */ = {isa = PBXFileReference; explicitFileType = wrapper.application; includeInIndex = 0; path = EnvirontmentView.app; sourceTree = BUILT_PRODUCTS_DIR; };
		2843A39D24B356A800610229 /* AppDelegate.swift */ = {isa = PBXFileReference; lastKnownFileType = sourcecode.swift; path = AppDelegate.swift; sourceTree = "<group>"; };
		2843A39F24B356A800610229 /* SceneDelegate.swift */ = {isa = PBXFileReference; lastKnownFileType = sourcecode.swift; path = SceneDelegate.swift; sourceTree = "<group>"; };
		2843A3A124B356A800610229 /* ContentView.swift */ = {isa = PBXFileReference; lastKnownFileType = sourcecode.swift; path = ContentView.swift; sourceTree = "<group>"; };
		2843A3A324B356AD00610229 /* Assets.xcassets */ = {isa = PBXFileReference; lastKnownFileType = folder.assetcatalog; path = Assets.xcassets; sourceTree = "<group>"; };
		2843A3A624B356AD00610229 /* Preview Assets.xcassets */ = {isa = PBXFileReference; lastKnownFileType = folder.assetcatalog; path = "Preview Assets.xcassets"; sourceTree = "<group>"; };
		2843A3A924B356AD00610229 /* Base */ = {isa = PBXFileReference; lastKnownFileType = file.storyboard; name = Base; path = Base.lproj/LaunchScreen.storyboard; sourceTree = "<group>"; };
		2843A3AB24B356AD00610229 /* Info.plist */ = {isa = PBXFileReference; lastKnownFileType = text.plist.xml; path = Info.plist; sourceTree = "<group>"; };
		2843A3B124B356CC00610229 /* AuthUser.swift */ = {isa = PBXFileReference; lastKnownFileType = sourcecode.swift; path = AuthUser.swift; sourceTree = "<group>"; };
/* End PBXFileReference section */

/* Begin PBXFrameworksBuildPhase section */
		2843A39724B356A700610229 /* Frameworks */ = {
			isa = PBXFrameworksBuildPhase;
			buildActionMask = 2147483647;
			files = (
			);
			runOnlyForDeploymentPostprocessing = 0;
		};
/* End PBXFrameworksBuildPhase section */

/* Begin PBXGroup section */
		2821541124F2977400BC00B4 /* Model */ = {
			isa = PBXGroup;
			children = (
				2821541224F2978D00BC00B4 /* Model.swift */,
			);
			path = Model;
			sourceTree = "<group>";
		};
		2843A39124B356A700610229 = {
			isa = PBXGroup;
			children = (
				2843A39C24B356A700610229 /* EnvirontmentView */,
				2843A39B24B356A700610229 /* Products */,
			);
			sourceTree = "<group>";
		};
		2843A39B24B356A700610229 /* Products */ = {
			isa = PBXGroup;
			children = (
				2843A39A24B356A700610229 /* EnvirontmentView.app */,
			);
			name = Products;
			sourceTree = "<group>";
		};
		2843A39C24B356A700610229 /* EnvirontmentView */ = {
			isa = PBXGroup;
			children = (
				2821541124F2977400BC00B4 /* Model */,
				2843A39D24B356A800610229 /* AppDelegate.swift */,
				2843A39F24B356A800610229 /* SceneDelegate.swift */,
				2843A3A124B356A800610229 /* ContentView.swift */,
				2843A3A324B356AD00610229 /* Assets.xcassets */,
				2843A3A824B356AD00610229 /* LaunchScreen.storyboard */,
				2843A3AB24B356AD00610229 /* Info.plist */,
				2843A3A524B356AD00610229 /* Preview Content */,
				2843A3B124B356CC00610229 /* AuthUser.swift */,
			);
			path = EnvirontmentView;
			sourceTree = "<group>";
		};
		2843A3A524B356AD00610229 /* Preview Content */ = {
			isa = PBXGroup;
			children = (
				2843A3A624B356AD00610229 /* Preview Assets.xcassets */,
			);
			path = "Preview Content";
			sourceTree = "<group>";
		};
/* End PBXGroup section */

/* Begin PBXNativeTarget section */
		2843A39924B356A700610229 /* EnvirontmentView */ = {
			isa = PBXNativeTarget;
			buildConfigurationList = 2843A3AE24B356AD00610229 /* Build configuration list for PBXNativeTarget "EnvirontmentView" */;
			buildPhases = (
				2843A39624B356A700610229 /* Sources */,
				2843A39724B356A700610229 /* Frameworks */,
				2843A39824B356A700610229 /* Resources */,
			);
			buildRules = (
			);
			dependencies = (
			);
			name = EnvirontmentView;
			productName = EnvirontmentView;
			productReference = 2843A39A24B356A700610229 /* EnvirontmentView.app */;
			productType = "com.apple.product-type.application";
		};
/* End PBXNativeTarget section */

/* Begin PBXProject section */
		2843A39224B356A700610229 /* Project object */ = {
			isa = PBXProject;
			attributes = {
				LastSwiftUpdateCheck = 1130;
				LastUpgradeCheck = 1130;
				ORGANIZATIONNAME = "Banyu Center";
				TargetAttributes = {
					2843A39924B356A700610229 = {
						CreatedOnToolsVersion = 11.3.1;
					};
				};
			};
			buildConfigurationList = 2843A39524B356A700610229 /* Build configuration list for PBXProject "EnvirontmentView" */;
			compatibilityVersion = "Xcode 9.3";
			developmentRegion = en;
			hasScannedForEncodings = 0;
			knownRegions = (
				en,
				Base,
			);
			mainGroup = 2843A39124B356A700610229;
			productRefGroup = 2843A39B24B356A700610229 /* Products */;
			projectDirPath = "";
			projectRoot = "";
			targets = (
				2843A39924B356A700610229 /* EnvirontmentView */,
			);
		};
/* End PBXProject section */

/* Begin PBXResourcesBuildPhase section */
		2843A39824B356A700610229 /* Resources */ = {
			isa = PBXResourcesBuildPhase;
			buildActionMask = 2147483647;
			files = (
				2843A3AA24B356AD00610229 /* LaunchScreen.storyboard in Resources */,
				2843A3A724B356AD00610229 /* Preview Assets.xcassets in Resources */,
				2843A3A424B356AD00610229 /* Assets.xcassets in Resources */,
			);
			runOnlyForDeploymentPostprocessing = 0;
		};
/* End PBXResourcesBuildPhase section */

/* Begin PBXSourcesBuildPhase section */
		2843A39624B356A700610229 /* Sources */ = {
			isa = PBXSourcesBuildPhase;
			buildActionMask = 2147483647;
			files = (
				2821541324F2978D00BC00B4 /* Model.swift in Sources */,
				2843A39E24B356A800610229 /* AppDelegate.swift in Sources */,
				2843A3A024B356A800610229 /* SceneDelegate.swift in Sources */,
				2843A3B224B356CC00610229 /* AuthUser.swift in Sources */,
				2843A3A224B356A800610229 /* ContentView.swift in Sources */,
			);
			runOnlyForDeploymentPostprocessing = 0;
		};
/* End PBXSourcesBuildPhase section */

/* Begin PBXVariantGroup section */
		2843A3A824B356AD00610229 /* LaunchScreen.storyboard */ = {
			isa = PBXVariantGroup;
			children = (
				2843A3A924B356AD00610229 /* Base */,
			);
			name = LaunchScreen.storyboard;
			sourceTree = "<group>";
		};
/* End PBXVariantGroup section */

/* Begin XCBuildConfiguration section */
		2843A3AC24B356AD00610229 /* Debug */ = {
			isa = XCBuildConfiguration;
			buildSettings = {
				ALWAYS_SEARCH_USER_PATHS = NO;
				CLANG_ANALYZER_NONNULL = YES;
				CLANG_ANALYZER_NUMBER_OBJECT_CONVERSION = YES_AGGRESSIVE;
				CLANG_CXX_LANGUAGE_STANDARD = "gnu++14";
				CLANG_CXX_LIBRARY = "libc++";
				CLANG_ENABLE_MODULES = YES;
				CLANG_ENABLE_OBJC_ARC = YES;
				CLANG_ENABLE_OBJC_WEAK = YES;
				CLANG_WARN_BLOCK_CAPTURE_AUTORELEASING = YES;
				CLANG_WARN_BOOL_CONVERSION = YES;
				CLANG_WARN_COMMA = YES;
				CLANG_WARN_CONSTANT_CONVERSION = YES;
				CLANG_WARN_DEPRECATED_OBJC_IMPLEMENTATIONS = YES;
				CLANG_WARN_DIRECT_OBJC_ISA_USAGE = YES_ERROR;
				CLANG_WARN_DOCUMENTATION_COMMENTS = YES;
				CLANG_WARN_EMPTY_BODY = YES;
				CLANG_WARN_ENUM_CONVERSION = YES;
				CLANG_WARN_INFINITE_RECURSION = YES;
				CLANG_WARN_INT_CONVERSION = YES;
				CLANG_WARN_NON_LITERAL_NULL_CONVERSION = YES;
				CLANG_WARN_OBJC_IMPLICIT_RETAIN_SELF = YES;
				CLANG_WARN_OBJC_LITERAL_CONVERSION = YES;
				CLANG_WARN_OBJC_ROOT_CLASS = YES_ERROR;
				CLANG_WARN_RANGE_LOOP_ANALYSIS = YES;
				CLANG_WARN_STRICT_PROTOTYPES = YES;
				CLANG_WARN_SUSPICIOUS_MOVE = YES;
				CLANG_WARN_UNGUARDED_AVAILABILITY = YES_AGGRESSIVE;
				CLANG_WARN_UNREACHABLE_CODE = YES;
				CLANG_WARN__DUPLICATE_METHOD_MATCH = YES;
				COPY_PHASE_STRIP = NO;
				DEBUG_INFORMATION_FORMAT = dwarf;
				ENABLE_STRICT_OBJC_MSGSEND = YES;
				ENABLE_TESTABILITY = YES;
				GCC_C_LANGUAGE_STANDARD = gnu11;
				GCC_DYNAMIC_NO_PIC = NO;
				GCC_NO_COMMON_BLOCKS = YES;
				GCC_OPTIMIZATION_LEVEL = 0;
				GCC_PREPROCESSOR_DEFINITIONS = (
					"DEBUG=1",
					"$(inherited)",
				);
				GCC_WARN_64_TO_32_BIT_CONVERSION = YES;
				GCC_WARN_ABOUT_RETURN_TYPE = YES_ERROR;
				GCC_WARN_UNDECLARED_SELECTOR = YES;
				GCC_WARN_UNINITIALIZED_AUTOS = YES_AGGRESSIVE;
				GCC_WARN_UNUSED_FUNCTION = YES;
				GCC_WARN_UNUSED_VARIABLE = YES;
				IPHONEOS_DEPLOYMENT_TARGET = 13.2;
				MTL_ENABLE_DEBUG_INFO = INCLUDE_SOURCE;
				MTL_FAST_MATH = YES;
				ONLY_ACTIVE_ARCH = YES;
				SDKROOT = iphoneos;
				SWIFT_ACTIVE_COMPILATION_CONDITIONS = DEBUG;
				SWIFT_OPTIMIZATION_LEVEL = "-Onone";
			};
			name = Debug;
		};
		2843A3AD24B356AD00610229 /* Release */ = {
			isa = XCBuildConfiguration;
			buildSettings = {
				ALWAYS_SEARCH_USER_PATHS = NO;
				CLANG_ANALYZER_NONNULL = YES;
				CLANG_ANALYZER_NUMBER_OBJECT_CONVERSION = YES_AGGRESSIVE;
				CLANG_CXX_LANGUAGE_STANDARD = "gnu++14";
				CLANG_CXX_LIBRARY = "libc++";
				CLANG_ENABLE_MODULES = YES;
				CLANG_ENABLE_OBJC_ARC = YES;
				CLANG_ENABLE_OBJC_WEAK = YES;
				CLANG_WARN_BLOCK_CAPTURE_AUTORELEASING = YES;
				CLANG_WARN_BOOL_CONVERSION = YES;
				CLANG_WARN_COMMA = YES;
				CLANG_WARN_CONSTANT_CONVERSION = YES;
				CLANG_WARN_DEPRECATED_OBJC_IMPLEMENTATIONS = YES;
				CLANG_WARN_DIRECT_OBJC_ISA_USAGE = YES_ERROR;
				CLANG_WARN_DOCUMENTATION_COMMENTS = YES;
				CLANG_WARN_EMPTY_BODY = YES;
				CLANG_WARN_ENUM_CONVERSION = YES;
				CLANG_WARN_INFINITE_RECURSION = YES;
				CLANG_WARN_INT_CONVERSION = YES;
				CLANG_WARN_NON_LITERAL_NULL_CONVERSION = YES;
				CLANG_WARN_OBJC_IMPLICIT_RETAIN_SELF = YES;
				CLANG_WARN_OBJC_LITERAL_CONVERSION = YES;
				CLANG_WARN_OBJC_ROOT_CLASS = YES_ERROR;
				CLANG_WARN_RANGE_LOOP_ANALYSIS = YES;
				CLANG_WARN_STRICT_PROTOTYPES = YES;
				CLANG_WARN_SUSPICIOUS_MOVE = YES;
				CLANG_WARN_UNGUARDED_AVAILABILITY = YES_AGGRESSIVE;
				CLANG_WARN_UNREACHABLE_CODE = YES;
				CLANG_WARN__DUPLICATE_METHOD_MATCH = YES;
				COPY_PHASE_STRIP = NO;
				DEBUG_INFORMATION_FORMAT = "dwarf-with-dsym";
				ENABLE_NS_ASSERTIONS = NO;
				ENABLE_STRICT_OBJC_MSGSEND = YES;
				GCC_C_LANGUAGE_STANDARD = gnu11;
				GCC_NO_COMMON_BLOCKS = YES;
				GCC_WARN_64_TO_32_BIT_CONVERSION = YES;
				GCC_WARN_ABOUT_RETURN_TYPE = YES_ERROR;
				GCC_WARN_UNDECLARED_SELECTOR = YES;
				GCC_WARN_UNINITIALIZED_AUTOS = YES_AGGRESSIVE;
				GCC_WARN_UNUSED_FUNCTION = YES;
				GCC_WARN_UNUSED_VARIABLE = YES;
				IPHONEOS_DEPLOYMENT_TARGET = 13.2;
				MTL_ENABLE_DEBUG_INFO = NO;
				MTL_FAST_MATH = YES;
				SDKROOT = iphoneos;
				SWIFT_COMPILATION_MODE = wholemodule;
				SWIFT_OPTIMIZATION_LEVEL = "-O";
				VALIDATE_PRODUCT = YES;
			};
			name = Release;
		};
		2843A3AF24B356AD00610229 /* Debug */ = {
			isa = XCBuildConfiguration;
			buildSettings = {
				ASSETCATALOG_COMPILER_APPICON_NAME = AppIcon;
				CODE_SIGN_STYLE = Automatic;
				DEVELOPMENT_ASSET_PATHS = "\"EnvirontmentView/Preview Content\"";
				DEVELOPMENT_TEAM = MD6F3HKY93;
				ENABLE_PREVIEWS = YES;
				INFOPLIST_FILE = EnvirontmentView/Info.plist;
				LD_RUNPATH_SEARCH_PATHS = (
					"$(inherited)",
					"@executable_path/Frameworks",
				);
				PRODUCT_BUNDLE_IDENTIFIER = com.banyucenter.EnvirontmentView;
				PRODUCT_NAME = "$(TARGET_NAME)";
				SWIFT_VERSION = 5.0;
				TARGETED_DEVICE_FAMILY = "1,2";
			};
			name = Debug;
		};
		2843A3B024B356AD00610229 /* Release */ = {
			isa = XCBuildConfiguration;
			buildSettings = {
				ASSETCATALOG_COMPILER_APPICON_NAME = AppIcon;
				CODE_SIGN_STYLE = Automatic;
				DEVELOPMENT_ASSET_PATHS = "\"EnvirontmentView/Preview Content\"";
				DEVELOPMENT_TEAM = MD6F3HKY93;
				ENABLE_PREVIEWS = YES;
				INFOPLIST_FILE = EnvirontmentView/Info.plist;
				LD_RUNPATH_SEARCH_PATHS = (
					"$(inherited)",
					"@executable_path/Frameworks",
				);
				PRODUCT_BUNDLE_IDENTIFIER = com.banyucenter.EnvirontmentView;
				PRODUCT_NAME = "$(TARGET_NAME)";
				SWIFT_VERSION = 5.0;
				TARGETED_DEVICE_FAMILY = "1,2";
			};
			name = Release;
		};
/* End XCBuildConfiguration section */

/* Begin XCConfigurationList section */
		2843A39524B356A700610229 /* Build configuration list for PBXProject "EnvirontmentView" */ = {
			isa = XCConfigurationList;
			buildConfigurations = (
				2843A3AC24B356AD00610229 /* Debug */,
				2843A3AD24B356AD00610229 /* Release */,
			);
			defaultConfigurationIsVisible = 0;
			defaultConfigurationName = Release;
		};
		2843A3AE24B356AD00610229 /* Build configuration list for PBXNativeTarget "EnvirontmentView" */ = {
			isa = XCConfigurationList;
			buildConfigurations = (
				2843A3AF24B356AD00610229 /* Debug */,
				2843A3B024B356AD00610229 /* Release */,
			);
			defaultConfigurationIsVisible = 0;
			defaultConfigurationName = Release;
		};
/* End XCConfigurationList section */
	};
	rootObject = 2843A39224B356A700610229 /* Project object */;
}
